{
  "name": "New folder",
  "lockfileVersion": 2,
  "requires": true,
  "packages": {
    "": {
      "dependencies": {
        "testpackageforgrid": "^6.9.0"
      }
    },
    "node_modules/testpackageforgrid": {
      "version": "6.9.0",
      "resolved": "https://registry.npmjs.org/testpackageforgrid/-/testpackageforgrid-6.9.0.tgz",
      "integrity": "sha512-5eeDsS7vmX7V+iIUcfM1S8jyJ0Okbu9vIsvrD6vWP9YjmO/bsjYvPHWNyWu5i2Zg0wsm23Ue6LoQrA3GAwSvBA=="
    }
  },
  "dependencies": {
    "testpackageforgrid": {
      "version": "6.9.0",
      "resolved": "https://registry.npmjs.org/testpackageforgrid/-/testpackageforgrid-6.9.0.tgz",
      "integrity": "sha512-5eeDsS7vmX7V+iIUcfM1S8jyJ0Okbu9vIsvrD6vWP9YjmO/bsjYvPHWNyWu5i2Zg0wsm23Ue6LoQrA3GAwSvBA=="
    }
  }
}
